
Microsoft Visual Studio Solution File, Format Version 12.00
# Visual Studio Version 17
VisualStudioVersion = 17.7.34031.279
MinimumVisualStudioVersion = 10.0.40219.1
Project("{8BC9CEB8-8B4A-11D0-8D11-00A0C91BC942}") = "hesapmakinesi", "hesapmakinesi\hesapmakinesi.vcxproj", "{F935B932-2289-4548-A611-3AB18CEE03D6}"
EndProject
Global
	GlobalSection(SolutionConfigurationPlatforms) = preSolution
		Debug|x64 = Debug|x64
		Debug|x86 = Debug|x86
		Release|x64 = Release|x64
		Release|x86 = Release|x86
	EndGlobalSection
	GlobalSection(ProjectConfigurationPlatforms) = postSolution
		{F935B932-2289-4548-A611-3AB18CEE03D6}.Debug|x64.ActiveCfg = Debug|x64
		{F935B932-2289-4548-A611-3AB18CEE03D6}.Debug|x64.Build.0 = Debug|x64
		{F935B932-2289-4548-A611-3AB18CEE03D6}.Debug|x86.ActiveCfg = Debug|Win32
		{F935B932-2289-4548-A611-3AB18CEE03D6}.Debug|x86.Build.0 = Debug|Win32
		{F935B932-2289-4548-A611-3AB18CEE03D6}.Release|x64.ActiveCfg = Release|x64
		{F935B932-2289-4548-A611-3AB18CEE03D6}.Release|x64.Build.0 = Release|x64
		{F935B932-2289-4548-A611-3AB18CEE03D6}.Release|x86.ActiveCfg = Release|Win32
		{F935B932-2289-4548-A611-3AB18CEE03D6}.Release|x86.Build.0 = Release|Win32
	EndGlobalSection
	GlobalSection(SolutionProperties) = preSolution
		HideSolutionNode = FALSE
	EndGlobalSection
	GlobalSection(ExtensibilityGlobals) = postSolution
		SolutionGuid = {93B167D4-4DBE-4F88-9F2C-A7C5E3409A68}
	EndGlobalSection
EndGlobal
